// !$*UTF8*$!
{
	archiveVersion = 1;
	classes = {
	};
	objectVersion = 56;
	objects = {

/* Begin PBXBuildFile section */
		BF44013F2C31974F00972DEF /* SessionChartStarleet.swift in Sources */ = {isa = PBXBuildFile; fileRef = BF44013E2C31974F00972DEF /* SessionChartStarleet.swift */; };
		BF4401412C319BE300972DEF /* WeeklyChartStarleet.swift in Sources */ = {isa = PBXBuildFile; fileRef = BF4401402C319BE300972DEF /* WeeklyChartStarleet.swift */; };
		BF4401432C319EFC00972DEF /* MonthlyChartStarleet.swift in Sources */ = {isa = PBXBuildFile; fileRef = BF4401422C319EFC00972DEF /* MonthlyChartStarleet.swift */; };
		BF6DF7642C314F57009A16E8 /* SearchBarStarleet.swift in Sources */ = {isa = PBXBuildFile; fileRef = BF6DF7632C314F57009A16E8 /* SearchBarStarleet.swift */; };
		BFDC53802C2EEED6005B0FD2 /* starweb1App.swift in Sources */ = {isa = PBXBuildFile; fileRef = BFDC537F2C2EEED6005B0FD2 /* starweb1App.swift */; };
		BFDC53822C2EEED6005B0FD2 /* ContentView.swift in Sources */ = {isa = PBXBuildFile; fileRef = BFDC53812C2EEED6005B0FD2 /* ContentView.swift */; };
		BFDC53842C2EEED9005B0FD2 /* Assets.xcassets in Resources */ = {isa = PBXBuildFile; fileRef = BFDC53832C2EEED9005B0FD2 /* Assets.xcassets */; };
		BFDC53882C2EEED9005B0FD2 /* Preview Assets.xcassets in Resources */ = {isa = PBXBuildFile; fileRef = BFDC53872C2EEED9005B0FD2 /* Preview Assets.xcassets */; };
		BFDC53922C2EEED9005B0FD2 /* starweb1Tests.swift in Sources */ = {isa = PBXBuildFile; fileRef = BFDC53912C2EEED9005B0FD2 /* starweb1Tests.swift */; };
		BFDC539C2C2EEED9005B0FD2 /* starweb1UITests.swift in Sources */ = {isa = PBXBuildFile; fileRef = BFDC539B2C2EEED9005B0FD2 /* starweb1UITests.swift */; };
		BFDC539E2C2EEED9005B0FD2 /* starweb1UITestsLaunchTests.swift in Sources */ = {isa = PBXBuildFile; fileRef = BFDC539D2C2EEED9005B0FD2 /* starweb1UITestsLaunchTests.swift */; };
		BFDC53AC2C2EF131005B0FD2 /* SDWebImageSwiftUI in Frameworks */ = {isa = PBXBuildFile; productRef = BFDC53AB2C2EF131005B0FD2 /* SDWebImageSwiftUI */; };
		BFDC53AF2C2EF18A005B0FD2 /* ImageLoaderView.swift in Sources */ = {isa = PBXBuildFile; fileRef = BFDC53AE2C2EF18A005B0FD2 /* ImageLoaderView.swift */; };
		BFDC53B12C2EF376005B0FD2 /* Constants.swift in Sources */ = {isa = PBXBuildFile; fileRef = BFDC53B02C2EF376005B0FD2 /* Constants.swift */; };
		BFDC53B32C2F27E0005B0FD2 /* DatabaseHelper.swift in Sources */ = {isa = PBXBuildFile; fileRef = BFDC53B22C2F27DF005B0FD2 /* DatabaseHelper.swift */; };
		BFDC53B52C2F37EA005B0FD2 /* Product.swift in Sources */ = {isa = PBXBuildFile; fileRef = BFDC53B42C2F37EA005B0FD2 /* Product.swift */; };
		BFDC53B72C2F3827005B0FD2 /* User.swift in Sources */ = {isa = PBXBuildFile; fileRef = BFDC53B62C2F3827005B0FD2 /* User.swift */; };
		BFDC53BA2C2F3FD6005B0FD2 /* SwiftfulUI in Frameworks */ = {isa = PBXBuildFile; productRef = BFDC53B92C2F3FD6005B0FD2 /* SwiftfulUI */; };
		BFDC53BD2C2F4026005B0FD2 /* SwiftfulRouting in Frameworks */ = {isa = PBXBuildFile; productRef = BFDC53BC2C2F4026005B0FD2 /* SwiftfulRouting */; };
		BFE8E8912C30807700E9A7DC /* NavigationStackStarleet.swift in Sources */ = {isa = PBXBuildFile; fileRef = BFE8E8902C30807700E9A7DC /* NavigationStackStarleet.swift */; };
		BFE8E8952C308A0C00E9A7DC /* HomeStarleet.swift in Sources */ = {isa = PBXBuildFile; fileRef = BFE8E8942C308A0C00E9A7DC /* HomeStarleet.swift */; };
		BFE8E8972C308B9800E9A7DC /* CalendarStarleet.swift in Sources */ = {isa = PBXBuildFile; fileRef = BFE8E8962C308B9800E9A7DC /* CalendarStarleet.swift */; };
		BFE8E8992C308BB900E9A7DC /* LactateStarleet.swift in Sources */ = {isa = PBXBuildFile; fileRef = BFE8E8982C308BB900E9A7DC /* LactateStarleet.swift */; };
		BFE8E89B2C308C8F00E9A7DC /* ChatStarleet.swift in Sources */ = {isa = PBXBuildFile; fileRef = BFE8E89A2C308C8F00E9A7DC /* ChatStarleet.swift */; };
		BFE8E89D2C308C9D00E9A7DC /* MetricStarleet.swift in Sources */ = {isa = PBXBuildFile; fileRef = BFE8E89C2C308C9D00E9A7DC /* MetricStarleet.swift */; };
/* End PBXBuildFile section */

/* Begin PBXContainerItemProxy section */
		BFDC538E2C2EEED9005B0FD2 /* PBXContainerItemProxy */ = {
			isa = PBXContainerItemProxy;
			containerPortal = BFDC53742C2EEED6005B0FD2 /* Project object */;
			proxyType = 1;
			remoteGlobalIDString = BFDC537B2C2EEED6005B0FD2;
			remoteInfo = starweb1;
		};
		BFDC53982C2EEED9005B0FD2 /* PBXContainerItemProxy */ = {
			isa = PBXContainerItemProxy;
			containerPortal = BFDC53742C2EEED6005B0FD2 /* Project object */;
			proxyType = 1;
			remoteGlobalIDString = BFDC537B2C2EEED6005B0FD2;
			remoteInfo = starweb1;
		};
/* End PBXContainerItemProxy section */

/* Begin PBXFileReference section */
		BF44013E2C31974F00972DEF /* SessionChartStarleet.swift */ = {isa = PBXFileReference; lastKnownFileType = sourcecode.swift; path = SessionChartStarleet.swift; sourceTree = "<group>"; };
		BF4401402C319BE300972DEF /* WeeklyChartStarleet.swift */ = {isa = PBXFileReference; lastKnownFileType = sourcecode.swift; path = WeeklyChartStarleet.swift; sourceTree = "<group>"; };
		BF4401422C319EFC00972DEF /* MonthlyChartStarleet.swift */ = {isa = PBXFileReference; lastKnownFileType = sourcecode.swift; path = MonthlyChartStarleet.swift; sourceTree = "<group>"; };
		BF6DF7632C314F57009A16E8 /* SearchBarStarleet.swift */ = {isa = PBXFileReference; lastKnownFileType = sourcecode.swift; path = SearchBarStarleet.swift; sourceTree = "<group>"; };
		BFDC537C2C2EEED6005B0FD2 /* starweb1.app */ = {isa = PBXFileReference; explicitFileType = wrapper.application; includeInIndex = 0; path = starweb1.app; sourceTree = BUILT_PRODUCTS_DIR; };
		BFDC537F2C2EEED6005B0FD2 /* starweb1App.swift */ = {isa = PBXFileReference; lastKnownFileType = sourcecode.swift; path = starweb1App.swift; sourceTree = "<group>"; };
		BFDC53812C2EEED6005B0FD2 /* ContentView.swift */ = {isa = PBXFileReference; lastKnownFileType = sourcecode.swift; path = ContentView.swift; sourceTree = "<group>"; };
		BFDC53832C2EEED9005B0FD2 /* Assets.xcassets */ = {isa = PBXFileReference; lastKnownFileType = folder.assetcatalog; path = Assets.xcassets; sourceTree = "<group>"; };
		BFDC53852C2EEED9005B0FD2 /* starweb1.entitlements */ = {isa = PBXFileReference; lastKnownFileType = text.plist.entitlements; path = starweb1.entitlements; sourceTree = "<group>"; };
		BFDC53872C2EEED9005B0FD2 /* Preview Assets.xcassets */ = {isa = PBXFileReference; lastKnownFileType = folder.assetcatalog; path = "Preview Assets.xcassets"; sourceTree = "<group>"; };
		BFDC538D2C2EEED9005B0FD2 /* starweb1Tests.xctest */ = {isa = PBXFileReference; explicitFileType = wrapper.cfbundle; includeInIndex = 0; path = starweb1Tests.xctest; sourceTree = BUILT_PRODUCTS_DIR; };
		BFDC53912C2EEED9005B0FD2 /* starweb1Tests.swift */ = {isa = PBXFileReference; lastKnownFileType = sourcecode.swift; path = starweb1Tests.swift; sourceTree = "<group>"; };
		BFDC53972C2EEED9005B0FD2 /* starweb1UITests.xctest */ = {isa = PBXFileReference; explicitFileType = wrapper.cfbundle; includeInIndex = 0; path = starweb1UITests.xctest; sourceTree = BUILT_PRODUCTS_DIR; };
		BFDC539B2C2EEED9005B0FD2 /* starweb1UITests.swift */ = {isa = PBXFileReference; lastKnownFileType = sourcecode.swift; path = starweb1UITests.swift; sourceTree = "<group>"; };
		BFDC539D2C2EEED9005B0FD2 /* starweb1UITestsLaunchTests.swift */ = {isa = PBXFileReference; lastKnownFileType = sourcecode.swift; path = starweb1UITestsLaunchTests.swift; sourceTree = "<group>"; };
		BFDC53AE2C2EF18A005B0FD2 /* ImageLoaderView.swift */ = {isa = PBXFileReference; lastKnownFileType = sourcecode.swift; path = ImageLoaderView.swift; sourceTree = "<group>"; };
		BFDC53B02C2EF376005B0FD2 /* Constants.swift */ = {isa = PBXFileReference; lastKnownFileType = sourcecode.swift; path = Constants.swift; sourceTree = "<group>"; };
		BFDC53B22C2F27DF005B0FD2 /* DatabaseHelper.swift */ = {isa = PBXFileReference; lastKnownFileType = sourcecode.swift; path = DatabaseHelper.swift; sourceTree = "<group>"; };
		BFDC53B42C2F37EA005B0FD2 /* Product.swift */ = {isa = PBXFileReference; lastKnownFileType = sourcecode.swift; path = Product.swift; sourceTree = "<group>"; };
		BFDC53B62C2F3827005B0FD2 /* User.swift */ = {isa = PBXFileReference; lastKnownFileType = sourcecode.swift; path = User.swift; sourceTree = "<group>"; };
		BFE8E8902C30807700E9A7DC /* NavigationStackStarleet.swift */ = {isa = PBXFileReference; lastKnownFileType = sourcecode.swift; path = NavigationStackStarleet.swift; sourceTree = "<group>"; };
		BFE8E8942C308A0C00E9A7DC /* HomeStarleet.swift */ = {isa = PBXFileReference; lastKnownFileType = sourcecode.swift; path = HomeStarleet.swift; sourceTree = "<group>"; };
		BFE8E8962C308B9800E9A7DC /* CalendarStarleet.swift */ = {isa = PBXFileReference; lastKnownFileType = sourcecode.swift; path = CalendarStarleet.swift; sourceTree = "<group>"; };
		BFE8E8982C308BB900E9A7DC /* LactateStarleet.swift */ = {isa = PBXFileReference; lastKnownFileType = sourcecode.swift; path = LactateStarleet.swift; sourceTree = "<group>"; };
		BFE8E89A2C308C8F00E9A7DC /* ChatStarleet.swift */ = {isa = PBXFileReference; lastKnownFileType = sourcecode.swift; path = ChatStarleet.swift; sourceTree = "<group>"; };
		BFE8E89C2C308C9D00E9A7DC /* MetricStarleet.swift */ = {isa = PBXFileReference; lastKnownFileType = sourcecode.swift; path = MetricStarleet.swift; sourceTree = "<group>"; };
/* End PBXFileReference section */

/* Begin PBXFrameworksBuildPhase section */
		BFDC53792C2EEED6005B0FD2 /* Frameworks */ = {
			isa = PBXFrameworksBuildPhase;
			buildActionMask = 2147483647;
			files = (
				BFDC53BA2C2F3FD6005B0FD2 /* SwiftfulUI in Frameworks */,
				BFDC53BD2C2F4026005B0FD2 /* SwiftfulRouting in Frameworks */,
				BFDC53AC2C2EF131005B0FD2 /* SDWebImageSwiftUI in Frameworks */,
			);
			runOnlyForDeploymentPostprocessing = 0;
		};
		BFDC538A2C2EEED9005B0FD2 /* Frameworks */ = {
			isa = PBXFrameworksBuildPhase;
			buildActionMask = 2147483647;
			files = (
			);
			runOnlyForDeploymentPostprocessing = 0;
		};
		BFDC53942C2EEED9005B0FD2 /* Frameworks */ = {
			isa = PBXFrameworksBuildPhase;
			buildActionMask = 2147483647;
			files = (
			);
			runOnlyForDeploymentPostprocessing = 0;
		};
/* End PBXFrameworksBuildPhase section */

/* Begin PBXGroup section */
		BFDC53732C2EEED6005B0FD2 = {
			isa = PBXGroup;
			children = (
				BFDC537E2C2EEED6005B0FD2 /* starweb1 */,
				BFDC53902C2EEED9005B0FD2 /* starweb1Tests */,
				BFDC539A2C2EEED9005B0FD2 /* starweb1UITests */,
				BFDC537D2C2EEED6005B0FD2 /* Products */,
			);
			sourceTree = "<group>";
		};
		BFDC537D2C2EEED6005B0FD2 /* Products */ = {
			isa = PBXGroup;
			children = (
				BFDC537C2C2EEED6005B0FD2 /* starweb1.app */,
				BFDC538D2C2EEED9005B0FD2 /* starweb1Tests.xctest */,
				BFDC53972C2EEED9005B0FD2 /* starweb1UITests.xctest */,
			);
			name = Products;
			sourceTree = "<group>";
		};
		BFDC537E2C2EEED6005B0FD2 /* starweb1 */ = {
			isa = PBXGroup;
			children = (
				BFDC537F2C2EEED6005B0FD2 /* starweb1App.swift */,
				BFDC53812C2EEED6005B0FD2 /* ContentView.swift */,
				BFE8E8932C30890200E9A7DC /* Components */,
				BFE8E88D2C307D6600E9A7DC /* Core */,
				BFDC53AD2C2EF156005B0FD2 /* Shared */,
				BFDC53832C2EEED9005B0FD2 /* Assets.xcassets */,
				BFDC53852C2EEED9005B0FD2 /* starweb1.entitlements */,
				BFDC53862C2EEED9005B0FD2 /* Preview Content */,
			);
			path = starweb1;
			sourceTree = "<group>";
		};
		BFDC53862C2EEED9005B0FD2 /* Preview Content */ = {
			isa = PBXGroup;
			children = (
				BFDC53872C2EEED9005B0FD2 /* Preview Assets.xcassets */,
			);
			path = "Preview Content";
			sourceTree = "<group>";
		};
		BFDC53902C2EEED9005B0FD2 /* starweb1Tests */ = {
			isa = PBXGroup;
			children = (
				BFDC53912C2EEED9005B0FD2 /* starweb1Tests.swift */,
			);
			path = starweb1Tests;
			sourceTree = "<group>";
		};
		BFDC539A2C2EEED9005B0FD2 /* starweb1UITests */ = {
			isa = PBXGroup;
			children = (
				BFDC539B2C2EEED9005B0FD2 /* starweb1UITests.swift */,
				BFDC539D2C2EEED9005B0FD2 /* starweb1UITestsLaunchTests.swift */,
			);
			path = starweb1UITests;
			sourceTree = "<group>";
		};
		BFDC53AD2C2EF156005B0FD2 /* Shared */ = {
			isa = PBXGroup;
			children = (
				BFDC53AE2C2EF18A005B0FD2 /* ImageLoaderView.swift */,
				BFDC53B02C2EF376005B0FD2 /* Constants.swift */,
				BFDC53B22C2F27DF005B0FD2 /* DatabaseHelper.swift */,
				BFDC53B42C2F37EA005B0FD2 /* Product.swift */,
				BFDC53B62C2F3827005B0FD2 /* User.swift */,
			);
			path = Shared;
			sourceTree = "<group>";
		};
		BFE8E88D2C307D6600E9A7DC /* Core */ = {
			isa = PBXGroup;
			children = (
				BFE8E8902C30807700E9A7DC /* NavigationStackStarleet.swift */,
				BFE8E8942C308A0C00E9A7DC /* HomeStarleet.swift */,
				BFE8E8962C308B9800E9A7DC /* CalendarStarleet.swift */,
				BFE8E8982C308BB900E9A7DC /* LactateStarleet.swift */,
				BFE8E89A2C308C8F00E9A7DC /* ChatStarleet.swift */,
				BFE8E89C2C308C9D00E9A7DC /* MetricStarleet.swift */,
			);
			path = Core;
			sourceTree = "<group>";
		};
		BFE8E8932C30890200E9A7DC /* Components */ = {
			isa = PBXGroup;
			children = (
				BF6DF7632C314F57009A16E8 /* SearchBarStarleet.swift */,
				BF44013E2C31974F00972DEF /* SessionChartStarleet.swift */,
				BF4401402C319BE300972DEF /* WeeklyChartStarleet.swift */,
				BF4401422C319EFC00972DEF /* MonthlyChartStarleet.swift */,
			);
			path = Components;
			sourceTree = "<group>";
		};
/* End PBXGroup section */

/* Begin PBXNativeTarget section */
		BFDC537B2C2EEED6005B0FD2 /* starweb1 */ = {
			isa = PBXNativeTarget;
			buildConfigurationList = BFDC53A12C2EEED9005B0FD2 /* Build configuration list for PBXNativeTarget "starweb1" */;
			buildPhases = (
				BFDC53782C2EEED6005B0FD2 /* Sources */,
				BFDC53792C2EEED6005B0FD2 /* Frameworks */,
				BFDC537A2C2EEED6005B0FD2 /* Resources */,
			);
			buildRules = (
			);
			dependencies = (
			);
			name = starweb1;
			packageProductDependencies = (
				BFDC53AB2C2EF131005B0FD2 /* SDWebImageSwiftUI */,
				BFDC53B92C2F3FD6005B0FD2 /* SwiftfulUI */,
				BFDC53BC2C2F4026005B0FD2 /* SwiftfulRouting */,
			);
			productName = starweb1;
			productReference = BFDC537C2C2EEED6005B0FD2 /* starweb1.app */;
			productType = "com.apple.product-type.application";
		};
		BFDC538C2C2EEED9005B0FD2 /* starweb1Tests */ = {
			isa = PBXNativeTarget;
			buildConfigurationList = BFDC53A42C2EEED9005B0FD2 /* Build configuration list for PBXNativeTarget "starweb1Tests" */;
			buildPhases = (
				BFDC53892C2EEED9005B0FD2 /* Sources */,
				BFDC538A2C2EEED9005B0FD2 /* Frameworks */,
				BFDC538B2C2EEED9005B0FD2 /* Resources */,
			);
			buildRules = (
			);
			dependencies = (
				BFDC538F2C2EEED9005B0FD2 /* PBXTargetDependency */,
			);
			name = starweb1Tests;
			productName = starweb1Tests;
			productReference = BFDC538D2C2EEED9005B0FD2 /* starweb1Tests.xctest */;
			productType = "com.apple.product-type.bundle.unit-test";
		};
		BFDC53962C2EEED9005B0FD2 /* starweb1UITests */ = {
			isa = PBXNativeTarget;
			buildConfigurationList = BFDC53A72C2EEED9005B0FD2 /* Build configuration list for PBXNativeTarget "starweb1UITests" */;
			buildPhases = (
				BFDC53932C2EEED9005B0FD2 /* Sources */,
				BFDC53942C2EEED9005B0FD2 /* Frameworks */,
				BFDC53952C2EEED9005B0FD2 /* Resources */,
			);
			buildRules = (
			);
			dependencies = (
				BFDC53992C2EEED9005B0FD2 /* PBXTargetDependency */,
			);
			name = starweb1UITests;
			productName = starweb1UITests;
			productReference = BFDC53972C2EEED9005B0FD2 /* starweb1UITests.xctest */;
			productType = "com.apple.product-type.bundle.ui-testing";
		};
/* End PBXNativeTarget section */

/* Begin PBXProject section */
		BFDC53742C2EEED6005B0FD2 /* Project object */ = {
			isa = PBXProject;
			attributes = {
				BuildIndependentTargetsInParallel = 1;
				LastSwiftUpdateCheck = 1520;
				LastUpgradeCheck = 1520;
				TargetAttributes = {
					BFDC537B2C2EEED6005B0FD2 = {
						CreatedOnToolsVersion = 15.2;
					};
					BFDC538C2C2EEED9005B0FD2 = {
						CreatedOnToolsVersion = 15.2;
						TestTargetID = BFDC537B2C2EEED6005B0FD2;
					};
					BFDC53962C2EEED9005B0FD2 = {
						CreatedOnToolsVersion = 15.2;
						TestTargetID = BFDC537B2C2EEED6005B0FD2;
					};
				};
			};
			buildConfigurationList = BFDC53772C2EEED6005B0FD2 /* Build configuration list for PBXProject "starweb1" */;
			compatibilityVersion = "Xcode 14.0";
			developmentRegion = en;
			hasScannedForEncodings = 0;
			knownRegions = (
				en,
				Base,
			);
			mainGroup = BFDC53732C2EEED6005B0FD2;
			packageReferences = (
				BFDC53AA2C2EF131005B0FD2 /* XCRemoteSwiftPackageReference "SDWebImageSwiftUI" */,
				BFDC53B82C2F3FD6005B0FD2 /* XCRemoteSwiftPackageReference "SwiftfulUI" */,
				BFDC53BB2C2F4026005B0FD2 /* XCRemoteSwiftPackageReference "SwiftfulRouting" */,
			);
			productRefGroup = BFDC537D2C2EEED6005B0FD2 /* Products */;
			projectDirPath = "";
			projectRoot = "";
			targets = (
				BFDC537B2C2EEED6005B0FD2 /* starweb1 */,
				BFDC538C2C2EEED9005B0FD2 /* starweb1Tests */,
				BFDC53962C2EEED9005B0FD2 /* starweb1UITests */,
			);
		};
/* End PBXProject section */

/* Begin PBXResourcesBuildPhase section */
		BFDC537A2C2EEED6005B0FD2 /* Resources */ = {
			isa = PBXResourcesBuildPhase;
			buildActionMask = 2147483647;
			files = (
				BFDC53882C2EEED9005B0FD2 /* Preview Assets.xcassets in Resources */,
				BFDC53842C2EEED9005B0FD2 /* Assets.xcassets in Resources */,
			);
			runOnlyForDeploymentPostprocessing = 0;
		};
		BFDC538B2C2EEED9005B0FD2 /* Resources */ = {
			isa = PBXResourcesBuildPhase;
			buildActionMask = 2147483647;
			files = (
			);
			runOnlyForDeploymentPostprocessing = 0;
		};
		BFDC53952C2EEED9005B0FD2 /* Resources */ = {
			isa = PBXResourcesBuildPhase;
			buildActionMask = 2147483647;
			files = (
			);
			runOnlyForDeploymentPostprocessing = 0;
		};
/* End PBXResourcesBuildPhase section */

/* Begin PBXSourcesBuildPhase section */
		BFDC53782C2EEED6005B0FD2 /* Sources */ = {
			isa = PBXSourcesBuildPhase;
			buildActionMask = 2147483647;
			files = (
				BF44013F2C31974F00972DEF /* SessionChartStarleet.swift in Sources */,
				BFDC53AF2C2EF18A005B0FD2 /* ImageLoaderView.swift in Sources */,
				BFE8E89B2C308C8F00E9A7DC /* ChatStarleet.swift in Sources */,
				BFE8E89D2C308C9D00E9A7DC /* MetricStarleet.swift in Sources */,
				BFE8E8972C308B9800E9A7DC /* CalendarStarleet.swift in Sources */,
				BFDC53B32C2F27E0005B0FD2 /* DatabaseHelper.swift in Sources */,
				BFE8E8912C30807700E9A7DC /* NavigationStackStarleet.swift in Sources */,
				BFE8E8952C308A0C00E9A7DC /* HomeStarleet.swift in Sources */,
				BF4401432C319EFC00972DEF /* MonthlyChartStarleet.swift in Sources */,
				BFDC53822C2EEED6005B0FD2 /* ContentView.swift in Sources */,
				BFDC53802C2EEED6005B0FD2 /* starweb1App.swift in Sources */,
				BFDC53B12C2EF376005B0FD2 /* Constants.swift in Sources */,
				BF4401412C319BE300972DEF /* WeeklyChartStarleet.swift in Sources */,
				BFDC53B52C2F37EA005B0FD2 /* Product.swift in Sources */,
				BFE8E8992C308BB900E9A7DC /* LactateStarleet.swift in Sources */,
				BFDC53B72C2F3827005B0FD2 /* User.swift in Sources */,
				BF6DF7642C314F57009A16E8 /* SearchBarStarleet.swift in Sources */,
			);
			runOnlyForDeploymentPostprocessing = 0;
		};
		BFDC53892C2EEED9005B0FD2 /* Sources */ = {
			isa = PBXSourcesBuildPhase;
			buildActionMask = 2147483647;
			files = (
				BFDC53922C2EEED9005B0FD2 /* starweb1Tests.swift in Sources */,
			);
			runOnlyForDeploymentPostprocessing = 0;
		};
		BFDC53932C2EEED9005B0FD2 /* Sources */ = {
			isa = PBXSourcesBuildPhase;
			buildActionMask = 2147483647;
			files = (
				BFDC539E2C2EEED9005B0FD2 /* starweb1UITestsLaunchTests.swift in Sources */,
				BFDC539C2C2EEED9005B0FD2 /* starweb1UITests.swift in Sources */,
			);
			runOnlyForDeploymentPostprocessing = 0;
		};
/* End PBXSourcesBuildPhase section */

/* Begin PBXTargetDependency section */
		BFDC538F2C2EEED9005B0FD2 /* PBXTargetDependency */ = {
			isa = PBXTargetDependency;
			target = BFDC537B2C2EEED6005B0FD2 /* starweb1 */;
			targetProxy = BFDC538E2C2EEED9005B0FD2 /* PBXContainerItemProxy */;
		};
		BFDC53992C2EEED9005B0FD2 /* PBXTargetDependency */ = {
			isa = PBXTargetDependency;
			target = BFDC537B2C2EEED6005B0FD2 /* starweb1 */;
			targetProxy = BFDC53982C2EEED9005B0FD2 /* PBXContainerItemProxy */;
		};
/* End PBXTargetDependency section */

/* Begin XCBuildConfiguration section */
		BFDC539F2C2EEED9005B0FD2 /* Debug */ = {
			isa = XCBuildConfiguration;
			buildSettings = {
				ALWAYS_SEARCH_USER_PATHS = NO;
				ASSETCATALOG_COMPILER_GENERATE_SWIFT_ASSET_SYMBOL_EXTENSIONS = YES;
				CLANG_ANALYZER_NONNULL = YES;
				CLANG_ANALYZER_NUMBER_OBJECT_CONVERSION = YES_AGGRESSIVE;
				CLANG_CXX_LANGUAGE_STANDARD = "gnu++20";
				CLANG_ENABLE_MODULES = YES;
				CLANG_ENABLE_OBJC_ARC = YES;
				CLANG_ENABLE_OBJC_WEAK = YES;
				CLANG_WARN_BLOCK_CAPTURE_AUTORELEASING = YES;
				CLANG_WARN_BOOL_CONVERSION = YES;
				CLANG_WARN_COMMA = YES;
				CLANG_WARN_CONSTANT_CONVERSION = YES;
				CLANG_WARN_DEPRECATED_OBJC_IMPLEMENTATIONS = YES;
				CLANG_WARN_DIRECT_OBJC_ISA_USAGE = YES_ERROR;
				CLANG_WARN_DOCUMENTATION_COMMENTS = YES;
				CLANG_WARN_EMPTY_BODY = YES;
				CLANG_WARN_ENUM_CONVERSION = YES;
				CLANG_WARN_INFINITE_RECURSION = YES;
				CLANG_WARN_INT_CONVERSION = YES;
				CLANG_WARN_NON_LITERAL_NULL_CONVERSION = YES;
				CLANG_WARN_OBJC_IMPLICIT_RETAIN_SELF = YES;
				CLANG_WARN_OBJC_LITERAL_CONVERSION = YES;
				CLANG_WARN_OBJC_ROOT_CLASS = YES_ERROR;
				CLANG_WARN_QUOTED_INCLUDE_IN_FRAMEWORK_HEADER = YES;
				CLANG_WARN_RANGE_LOOP_ANALYSIS = YES;
				CLANG_WARN_STRICT_PROTOTYPES = YES;
				CLANG_WARN_SUSPICIOUS_MOVE = YES;
				CLANG_WARN_UNGUARDED_AVAILABILITY = YES_AGGRESSIVE;
				CLANG_WARN_UNREACHABLE_CODE = YES;
				CLANG_WARN__DUPLICATE_METHOD_MATCH = YES;
				COPY_PHASE_STRIP = NO;
				DEBUG_INFORMATION_FORMAT = dwarf;
				ENABLE_STRICT_OBJC_MSGSEND = YES;
				ENABLE_TESTABILITY = YES;
				ENABLE_USER_SCRIPT_SANDBOXING = YES;
				GCC_C_LANGUAGE_STANDARD = gnu17;
				GCC_DYNAMIC_NO_PIC = NO;
				GCC_NO_COMMON_BLOCKS = YES;
				GCC_OPTIMIZATION_LEVEL = 0;
				GCC_PREPROCESSOR_DEFINITIONS = (
					"DEBUG=1",
					"$(inherited)",
				);
				GCC_WARN_64_TO_32_BIT_CONVERSION = YES;
				GCC_WARN_ABOUT_RETURN_TYPE = YES_ERROR;
				GCC_WARN_UNDECLARED_SELECTOR = YES;
				GCC_WARN_UNINITIALIZED_AUTOS = YES_AGGRESSIVE;
				GCC_WARN_UNUSED_FUNCTION = YES;
				GCC_WARN_UNUSED_VARIABLE = YES;
				LOCALIZATION_PREFERS_STRING_CATALOGS = YES;
				MTL_ENABLE_DEBUG_INFO = INCLUDE_SOURCE;
				MTL_FAST_MATH = YES;
				ONLY_ACTIVE_ARCH = YES;
				SWIFT_ACTIVE_COMPILATION_CONDITIONS = "DEBUG $(inherited)";
				SWIFT_OPTIMIZATION_LEVEL = "-Onone";
			};
			name = Debug;
		};
		BFDC53A02C2EEED9005B0FD2 /* Release */ = {
			isa = XCBuildConfiguration;
			buildSettings = {
				ALWAYS_SEARCH_USER_PATHS = NO;
				ASSETCATALOG_COMPILER_GENERATE_SWIFT_ASSET_SYMBOL_EXTENSIONS = YES;
				CLANG_ANALYZER_NONNULL = YES;
				CLANG_ANALYZER_NUMBER_OBJECT_CONVERSION = YES_AGGRESSIVE;
				CLANG_CXX_LANGUAGE_STANDARD = "gnu++20";
				CLANG_ENABLE_MODULES = YES;
				CLANG_ENABLE_OBJC_ARC = YES;
				CLANG_ENABLE_OBJC_WEAK = YES;
				CLANG_WARN_BLOCK_CAPTURE_AUTORELEASING = YES;
				CLANG_WARN_BOOL_CONVERSION = YES;
				CLANG_WARN_COMMA = YES;
				CLANG_WARN_CONSTANT_CONVERSION = YES;
				CLANG_WARN_DEPRECATED_OBJC_IMPLEMENTATIONS = YES;
				CLANG_WARN_DIRECT_OBJC_ISA_USAGE = YES_ERROR;
				CLANG_WARN_DOCUMENTATION_COMMENTS = YES;
				CLANG_WARN_EMPTY_BODY = YES;
				CLANG_WARN_ENUM_CONVERSION = YES;
				CLANG_WARN_INFINITE_RECURSION = YES;
				CLANG_WARN_INT_CONVERSION = YES;
				CLANG_WARN_NON_LITERAL_NULL_CONVERSION = YES;
				CLANG_WARN_OBJC_IMPLICIT_RETAIN_SELF = YES;
				CLANG_WARN_OBJC_LITERAL_CONVERSION = YES;
				CLANG_WARN_OBJC_ROOT_CLASS = YES_ERROR;
				CLANG_WARN_QUOTED_INCLUDE_IN_FRAMEWORK_HEADER = YES;
				CLANG_WARN_RANGE_LOOP_ANALYSIS = YES;
				CLANG_WARN_STRICT_PROTOTYPES = YES;
				CLANG_WARN_SUSPICIOUS_MOVE = YES;
				CLANG_WARN_UNGUARDED_AVAILABILITY = YES_AGGRESSIVE;
				CLANG_WARN_UNREACHABLE_CODE = YES;
				CLANG_WARN__DUPLICATE_METHOD_MATCH = YES;
				COPY_PHASE_STRIP = NO;
				DEBUG_INFORMATION_FORMAT = "dwarf-with-dsym";
				ENABLE_NS_ASSERTIONS = NO;
				ENABLE_STRICT_OBJC_MSGSEND = YES;
				ENABLE_USER_SCRIPT_SANDBOXING = YES;
				GCC_C_LANGUAGE_STANDARD = gnu17;
				GCC_NO_COMMON_BLOCKS = YES;
				GCC_WARN_64_TO_32_BIT_CONVERSION = YES;
				GCC_WARN_ABOUT_RETURN_TYPE = YES_ERROR;
				GCC_WARN_UNDECLARED_SELECTOR = YES;
				GCC_WARN_UNINITIALIZED_AUTOS = YES_AGGRESSIVE;
				GCC_WARN_UNUSED_FUNCTION = YES;
				GCC_WARN_UNUSED_VARIABLE = YES;
				LOCALIZATION_PREFERS_STRING_CATALOGS = YES;
				MTL_ENABLE_DEBUG_INFO = NO;
				MTL_FAST_MATH = YES;
				SWIFT_COMPILATION_MODE = wholemodule;
			};
			name = Release;
		};
		BFDC53A22C2EEED9005B0FD2 /* Debug */ = {
			isa = XCBuildConfiguration;
			buildSettings = {
				ASSETCATALOG_COMPILER_APPICON_NAME = AppIcon;
				ASSETCATALOG_COMPILER_GLOBAL_ACCENT_COLOR_NAME = AccentColor;
				CODE_SIGN_ENTITLEMENTS = starweb1/starweb1.entitlements;
				CODE_SIGN_STYLE = Automatic;
				CURRENT_PROJECT_VERSION = 1;
				DEVELOPMENT_ASSET_PATHS = "\"starweb1/Preview Content\"";
				DEVELOPMENT_TEAM = JDD5H7849X;
				ENABLE_HARDENED_RUNTIME = YES;
				ENABLE_PREVIEWS = YES;
				GENERATE_INFOPLIST_FILE = YES;
				"INFOPLIST_KEY_UIApplicationSceneManifest_Generation[sdk=iphoneos*]" = YES;
				"INFOPLIST_KEY_UIApplicationSceneManifest_Generation[sdk=iphonesimulator*]" = YES;
				"INFOPLIST_KEY_UIApplicationSupportsIndirectInputEvents[sdk=iphoneos*]" = YES;
				"INFOPLIST_KEY_UIApplicationSupportsIndirectInputEvents[sdk=iphonesimulator*]" = YES;
				"INFOPLIST_KEY_UILaunchScreen_Generation[sdk=iphoneos*]" = YES;
				"INFOPLIST_KEY_UILaunchScreen_Generation[sdk=iphonesimulator*]" = YES;
				"INFOPLIST_KEY_UIStatusBarStyle[sdk=iphoneos*]" = UIStatusBarStyleDefault;
				"INFOPLIST_KEY_UIStatusBarStyle[sdk=iphonesimulator*]" = UIStatusBarStyleDefault;
				INFOPLIST_KEY_UISupportedInterfaceOrientations_iPad = "UIInterfaceOrientationPortrait UIInterfaceOrientationPortraitUpsideDown UIInterfaceOrientationLandscapeLeft UIInterfaceOrientationLandscapeRight";
				INFOPLIST_KEY_UISupportedInterfaceOrientations_iPhone = "UIInterfaceOrientationPortrait UIInterfaceOrientationLandscapeLeft UIInterfaceOrientationLandscapeRight";
				IPHONEOS_DEPLOYMENT_TARGET = 17.2;
				LD_RUNPATH_SEARCH_PATHS = "@executable_path/Frameworks";
				"LD_RUNPATH_SEARCH_PATHS[sdk=macosx*]" = "@executable_path/../Frameworks";
				MACOSX_DEPLOYMENT_TARGET = 13.6;
				MARKETING_VERSION = 1.0;
				PRODUCT_BUNDLE_IDENTIFIER = nill.starweb1;
				PRODUCT_NAME = "$(TARGET_NAME)";
				SDKROOT = auto;
				SUPPORTED_PLATFORMS = "iphoneos iphonesimulator";
				SUPPORTS_MACCATALYST = NO;
				SWIFT_EMIT_LOC_STRINGS = YES;
				SWIFT_VERSION = 5.0;
				TARGETED_DEVICE_FAMILY = "1,2";
			};
			name = Debug;
		};
		BFDC53A32C2EEED9005B0FD2 /* Release */ = {
			isa = XCBuildConfiguration;
			buildSettings = {
				ASSETCATALOG_COMPILER_APPICON_NAME = AppIcon;
				ASSETCATALOG_COMPILER_GLOBAL_ACCENT_COLOR_NAME = AccentColor;
				CODE_SIGN_ENTITLEMENTS = starweb1/starweb1.entitlements;
				CODE_SIGN_STYLE = Automatic;
				CURRENT_PROJECT_VERSION = 1;
				DEVELOPMENT_ASSET_PATHS = "\"starweb1/Preview Content\"";
				DEVELOPMENT_TEAM = JDD5H7849X;
				ENABLE_HARDENED_RUNTIME = YES;
				ENABLE_PREVIEWS = YES;
				GENERATE_INFOPLIST_FILE = YES;
				"INFOPLIST_KEY_UIApplicationSceneManifest_Generation[sdk=iphoneos*]" = YES;
				"INFOPLIST_KEY_UIApplicationSceneManifest_Generation[sdk=iphonesimulator*]" = YES;
				"INFOPLIST_KEY_UIApplicationSupportsIndirectInputEvents[sdk=iphoneos*]" = YES;
				"INFOPLIST_KEY_UIApplicationSupportsIndirectInputEvents[sdk=iphonesimulator*]" = YES;
				"INFOPLIST_KEY_UILaunchScreen_Generation[sdk=iphoneos*]" = YES;
				"INFOPLIST_KEY_UILaunchScreen_Generation[sdk=iphonesimulator*]" = YES;
				"INFOPLIST_KEY_UIStatusBarStyle[sdk=iphoneos*]" = UIStatusBarStyleDefault;
				"INFOPLIST_KEY_UIStatusBarStyle[sdk=iphonesimulator*]" = UIStatusBarStyleDefault;
				INFOPLIST_KEY_UISupportedInterfaceOrientations_iPad = "UIInterfaceOrientationPortrait UIInterfaceOrientationPortraitUpsideDown UIInterfaceOrientationLandscapeLeft UIInterfaceOrientationLandscapeRight";
				INFOPLIST_KEY_UISupportedInterfaceOrientations_iPhone = "UIInterfaceOrientationPortrait UIInterfaceOrientationLandscapeLeft UIInterfaceOrientationLandscapeRight";
				IPHONEOS_DEPLOYMENT_TARGET = 17.2;
				LD_RUNPATH_SEARCH_PATHS = "@executable_path/Frameworks";
				"LD_RUNPATH_SEARCH_PATHS[sdk=macosx*]" = "@executable_path/../Frameworks";
				MACOSX_DEPLOYMENT_TARGET = 13.6;
				MARKETING_VERSION = 1.0;
				PRODUCT_BUNDLE_IDENTIFIER = nill.starweb1;
				PRODUCT_NAME = "$(TARGET_NAME)";
				SDKROOT = auto;
				SUPPORTED_PLATFORMS = "iphoneos iphonesimulator";
				SUPPORTS_MACCATALYST = NO;
				SWIFT_EMIT_LOC_STRINGS = YES;
				SWIFT_VERSION = 5.0;
				TARGETED_DEVICE_FAMILY = "1,2";
			};
			name = Release;
		};
		BFDC53A52C2EEED9005B0FD2 /* Debug */ = {
			isa = XCBuildConfiguration;
			buildSettings = {
				ALWAYS_EMBED_SWIFT_STANDARD_LIBRARIES = YES;
				BUNDLE_LOADER = "$(TEST_HOST)";
				CODE_SIGN_STYLE = Automatic;
				CURRENT_PROJECT_VERSION = 1;
				DEVELOPMENT_TEAM = JDD5H7849X;
				GENERATE_INFOPLIST_FILE = YES;
				IPHONEOS_DEPLOYMENT_TARGET = 17.2;
				MACOSX_DEPLOYMENT_TARGET = 13.6;
				MARKETING_VERSION = 1.0;
				PRODUCT_BUNDLE_IDENTIFIER = nill.starweb1Tests;
				PRODUCT_NAME = "$(TARGET_NAME)";
				SDKROOT = auto;
				SUPPORTED_PLATFORMS = "iphoneos iphonesimulator macosx";
				SWIFT_EMIT_LOC_STRINGS = NO;
				SWIFT_VERSION = 5.0;
				TARGETED_DEVICE_FAMILY = "1,2";
				TEST_HOST = "$(BUILT_PRODUCTS_DIR)/starweb1.app/$(BUNDLE_EXECUTABLE_FOLDER_PATH)/starweb1";
			};
			name = Debug;
		};
		BFDC53A62C2EEED9005B0FD2 /* Release */ = {
			isa = XCBuildConfiguration;
			buildSettings = {
				ALWAYS_EMBED_SWIFT_STANDARD_LIBRARIES = YES;
				BUNDLE_LOADER = "$(TEST_HOST)";
				CODE_SIGN_STYLE = Automatic;
				CURRENT_PROJECT_VERSION = 1;
				DEVELOPMENT_TEAM = JDD5H7849X;
				GENERATE_INFOPLIST_FILE = YES;
				IPHONEOS_DEPLOYMENT_TARGET = 17.2;
				MACOSX_DEPLOYMENT_TARGET = 13.6;
				MARKETING_VERSION = 1.0;
				PRODUCT_BUNDLE_IDENTIFIER = nill.starweb1Tests;
				PRODUCT_NAME = "$(TARGET_NAME)";
				SDKROOT = auto;
				SUPPORTED_PLATFORMS = "iphoneos iphonesimulator macosx";
				SWIFT_EMIT_LOC_STRINGS = NO;
				SWIFT_VERSION = 5.0;
				TARGETED_DEVICE_FAMILY = "1,2";
				TEST_HOST = "$(BUILT_PRODUCTS_DIR)/starweb1.app/$(BUNDLE_EXECUTABLE_FOLDER_PATH)/starweb1";
			};
			name = Release;
		};
		BFDC53A82C2EEED9005B0FD2 /* Debug */ = {
			isa = XCBuildConfiguration;
			buildSettings = {
				ALWAYS_EMBED_SWIFT_STANDARD_LIBRARIES = YES;
				CODE_SIGN_STYLE = Automatic;
				CURRENT_PROJECT_VERSION = 1;
				DEVELOPMENT_TEAM = JDD5H7849X;
				GENERATE_INFOPLIST_FILE = YES;
				IPHONEOS_DEPLOYMENT_TARGET = 17.2;
				MACOSX_DEPLOYMENT_TARGET = 13.6;
				MARKETING_VERSION = 1.0;
				PRODUCT_BUNDLE_IDENTIFIER = nill.starweb1UITests;
				PRODUCT_NAME = "$(TARGET_NAME)";
				SDKROOT = auto;
				SUPPORTED_PLATFORMS = "iphoneos iphonesimulator macosx";
				SWIFT_EMIT_LOC_STRINGS = NO;
				SWIFT_VERSION = 5.0;
				TARGETED_DEVICE_FAMILY = "1,2";
				TEST_TARGET_NAME = starweb1;
			};
			name = Debug;
		};
		BFDC53A92C2EEED9005B0FD2 /* Release */ = {
			isa = XCBuildConfiguration;
			buildSettings = {
				ALWAYS_EMBED_SWIFT_STANDARD_LIBRARIES = YES;
				CODE_SIGN_STYLE = Automatic;
				CURRENT_PROJECT_VERSION = 1;
				DEVELOPMENT_TEAM = JDD5H7849X;
				GENERATE_INFOPLIST_FILE = YES;
				IPHONEOS_DEPLOYMENT_TARGET = 17.2;
				MACOSX_DEPLOYMENT_TARGET = 13.6;
				MARKETING_VERSION = 1.0;
				PRODUCT_BUNDLE_IDENTIFIER = nill.starweb1UITests;
				PRODUCT_NAME = "$(TARGET_NAME)";
				SDKROOT = auto;
				SUPPORTED_PLATFORMS = "iphoneos iphonesimulator macosx";
				SWIFT_EMIT_LOC_STRINGS = NO;
				SWIFT_VERSION = 5.0;
				TARGETED_DEVICE_FAMILY = "1,2";
				TEST_TARGET_NAME = starweb1;
			};
			name = Release;
		};
/* End XCBuildConfiguration section */

/* Begin XCConfigurationList section */
		BFDC53772C2EEED6005B0FD2 /* Build configuration list for PBXProject "starweb1" */ = {
			isa = XCConfigurationList;
			buildConfigurations = (
				BFDC539F2C2EEED9005B0FD2 /* Debug */,
				BFDC53A02C2EEED9005B0FD2 /* Release */,
			);
			defaultConfigurationIsVisible = 0;
			defaultConfigurationName = Release;
		};
		BFDC53A12C2EEED9005B0FD2 /* Build configuration list for PBXNativeTarget "starweb1" */ = {
			isa = XCConfigurationList;
			buildConfigurations = (
				BFDC53A22C2EEED9005B0FD2 /* Debug */,
				BFDC53A32C2EEED9005B0FD2 /* Release */,
			);
			defaultConfigurationIsVisible = 0;
			defaultConfigurationName = Release;
		};
		BFDC53A42C2EEED9005B0FD2 /* Build configuration list for PBXNativeTarget "starweb1Tests" */ = {
			isa = XCConfigurationList;
			buildConfigurations = (
				BFDC53A52C2EEED9005B0FD2 /* Debug */,
				BFDC53A62C2EEED9005B0FD2 /* Release */,
			);
			defaultConfigurationIsVisible = 0;
			defaultConfigurationName = Release;
		};
		BFDC53A72C2EEED9005B0FD2 /* Build configuration list for PBXNativeTarget "starweb1UITests" */ = {
			isa = XCConfigurationList;
			buildConfigurations = (
				BFDC53A82C2EEED9005B0FD2 /* Debug */,
				BFDC53A92C2EEED9005B0FD2 /* Release */,
			);
			defaultConfigurationIsVisible = 0;
			defaultConfigurationName = Release;
		};
/* End XCConfigurationList section */

/* Begin XCRemoteSwiftPackageReference section */
		BFDC53AA2C2EF131005B0FD2 /* XCRemoteSwiftPackageReference "SDWebImageSwiftUI" */ = {
			isa = XCRemoteSwiftPackageReference;
			repositoryURL = "https://github.com/SDWebImage/SDWebImageSwiftUI.git";
			requirement = {
				kind = upToNextMajorVersion;
				minimumVersion = 3.1.0;
			};
		};
		BFDC53B82C2F3FD6005B0FD2 /* XCRemoteSwiftPackageReference "SwiftfulUI" */ = {
			isa = XCRemoteSwiftPackageReference;
			repositoryURL = "https://github.com/SwiftfulThinking/SwiftfulUI.git";
			requirement = {
				kind = upToNextMajorVersion;
				minimumVersion = 1.1.7;
			};
		};
		BFDC53BB2C2F4026005B0FD2 /* XCRemoteSwiftPackageReference "SwiftfulRouting" */ = {
			isa = XCRemoteSwiftPackageReference;
			repositoryURL = "https://github.com/SwiftfulThinking/SwiftfulRouting.git";
			requirement = {
				kind = upToNextMajorVersion;
				minimumVersion = 5.3.5;
			};
		};
/* End XCRemoteSwiftPackageReference section */

/* Begin XCSwiftPackageProductDependency section */
		BFDC53AB2C2EF131005B0FD2 /* SDWebImageSwiftUI */ = {
			isa = XCSwiftPackageProductDependency;
			package = BFDC53AA2C2EF131005B0FD2 /* XCRemoteSwiftPackageReference "SDWebImageSwiftUI" */;
			productName = SDWebImageSwiftUI;
		};
		BFDC53B92C2F3FD6005B0FD2 /* SwiftfulUI */ = {
			isa = XCSwiftPackageProductDependency;
			package = BFDC53B82C2F3FD6005B0FD2 /* XCRemoteSwiftPackageReference "SwiftfulUI" */;
			productName = SwiftfulUI;
		};
		BFDC53BC2C2F4026005B0FD2 /* SwiftfulRouting */ = {
			isa = XCSwiftPackageProductDependency;
			package = BFDC53BB2C2F4026005B0FD2 /* XCRemoteSwiftPackageReference "SwiftfulRouting" */;
			productName = SwiftfulRouting;
		};
/* End XCSwiftPackageProductDependency section */
	};
	rootObject = BFDC53742C2EEED6005B0FD2 /* Project object */;
}
